{
    "_meta": {
        "hash": {
            "sha256": "f18921423a02e358093f444096f60f4fd7ba0036a6373a3449a1aa7acd27cedc"
        },
        "pipfile-spec": 6,
        "requires": {
            "python_full_version": "3.10.9",
            "python_version": "3.10"
        },
        "sources": [
            {
                "name": "pypi",
                "url": "https://pypi.org/simple",
                "verify_ssl": true
            }
        ]
    },
    "default": {
        "certifi": {
            "hashes": [
                "sha256:0f0d56dc5a6ad56fd4ba36484d6cc34451e1c6548c61daad8c320169f91eddc7",
                "sha256:c6c2e98f5c7869efca1f8916fed228dd91539f9f1b444c314c06eef02980c716"
            ],
            "markers": "python_version >= '3.6'",
            "version": "==2023.5.7"
        },
        "charset-normalizer": {
            "hashes": [
                "sha256:04afa6387e2b282cf78ff3dbce20f0cc071c12dc8f685bd40960cc68644cfea6",
                "sha256:04eefcee095f58eaabe6dc3cc2262f3bcd776d2c67005880894f447b3f2cb9c1",
                "sha256:0be65ccf618c1e7ac9b849c315cc2e8a8751d9cfdaa43027d4f6624bd587ab7e",
                "sha256:0c95f12b74681e9ae127728f7e5409cbbef9cd914d5896ef238cc779b8152373",
                "sha256:0ca564606d2caafb0abe6d1b5311c2649e8071eb241b2d64e75a0d0065107e62",
                "sha256:10c93628d7497c81686e8e5e557aafa78f230cd9e77dd0c40032ef90c18f2230",
                "sha256:11d117e6c63e8f495412d37e7dc2e2fff09c34b2d09dbe2bee3c6229577818be",
                "sha256:11d3bcb7be35e7b1bba2c23beedac81ee893ac9871d0ba79effc7fc01167db6c",
                "sha256:12a2b561af122e3d94cdb97fe6fb2bb2b82cef0cdca131646fdb940a1eda04f0",
                "sha256:12d1a39aa6b8c6f6248bb54550efcc1c38ce0d8096a146638fd4738e42284448",
                "sha256:1435ae15108b1cb6fffbcea2af3d468683b7afed0169ad718451f8db5d1aff6f",
                "sha256:1c60b9c202d00052183c9be85e5eaf18a4ada0a47d188a83c8f5c5b23252f649",
                "sha256:1e8fcdd8f672a1c4fc8d0bd3a2b576b152d2a349782d1eb0f6b8e52e9954731d",
                "sha256:20064ead0717cf9a73a6d1e779b23d149b53daf971169289ed2ed43a71e8d3b0",
                "sha256:21fa558996782fc226b529fdd2ed7866c2c6ec91cee82735c98a197fae39f706",
                "sha256:22908891a380d50738e1f978667536f6c6b526a2064156203d418f4856d6e86a",
                "sha256:3160a0fd9754aab7d47f95a6b63ab355388d890163eb03b2d2b87ab0a30cfa59",
                "sha256:322102cdf1ab682ecc7d9b1c5eed4ec59657a65e1c146a0da342b78f4112db23",
                "sha256:34e0a2f9c370eb95597aae63bf85eb5e96826d81e3dcf88b8886012906f509b5",
                "sha256:3573d376454d956553c356df45bb824262c397c6e26ce43e8203c4c540ee0acb",
                "sha256:3747443b6a904001473370d7810aa19c3a180ccd52a7157aacc264a5ac79265e",
                "sha256:38e812a197bf8e71a59fe55b757a84c1f946d0ac114acafaafaf21667a7e169e",
                "sha256:3a06f32c9634a8705f4ca9946d667609f52cf130d5548881401f1eb2c39b1e2c",
                "sha256:3a5fc78f9e3f501a1614a98f7c54d3969f3ad9bba8ba3d9b438c3bc5d047dd28",
                "sha256:3d9098b479e78c85080c98e1e35ff40b4a31d8953102bb0fd7d1b6f8a2111a3d",
                "sha256:3dc5b6a8ecfdc5748a7e429782598e4f17ef378e3e272eeb1340ea57c9109f41",
                "sha256:4155b51ae05ed47199dc5b2a4e62abccb274cee6b01da5b895099b61b1982974",
                "sha256:49919f8400b5e49e961f320c735388ee686a62327e773fa5b3ce6721f7e785ce",
                "sha256:53d0a3fa5f8af98a1e261de6a3943ca631c526635eb5817a87a59d9a57ebf48f",
                "sha256:5f008525e02908b20e04707a4f704cd286d94718f48bb33edddc7d7b584dddc1",
                "sha256:628c985afb2c7d27a4800bfb609e03985aaecb42f955049957814e0491d4006d",
                "sha256:65ed923f84a6844de5fd29726b888e58c62820e0769b76565480e1fdc3d062f8",
                "sha256:6734e606355834f13445b6adc38b53c0fd45f1a56a9ba06c2058f86893ae8017",
                "sha256:6baf0baf0d5d265fa7944feb9f7451cc316bfe30e8df1a61b1bb08577c554f31",
                "sha256:6f4f4668e1831850ebcc2fd0b1cd11721947b6dc7c00bf1c6bd3c929ae14f2c7",
                "sha256:6f5c2e7bc8a4bf7c426599765b1bd33217ec84023033672c1e9a8b35eaeaaaf8",
                "sha256:6f6c7a8a57e9405cad7485f4c9d3172ae486cfef1344b5ddd8e5239582d7355e",
                "sha256:7381c66e0561c5757ffe616af869b916c8b4e42b367ab29fedc98481d1e74e14",
                "sha256:73dc03a6a7e30b7edc5b01b601e53e7fc924b04e1835e8e407c12c037e81adbd",
                "sha256:74db0052d985cf37fa111828d0dd230776ac99c740e1a758ad99094be4f1803d",
                "sha256:75f2568b4189dda1c567339b48cba4ac7384accb9c2a7ed655cd86b04055c795",
                "sha256:78cacd03e79d009d95635e7d6ff12c21eb89b894c354bd2b2ed0b4763373693b",
                "sha256:80d1543d58bd3d6c271b66abf454d437a438dff01c3e62fdbcd68f2a11310d4b",
                "sha256:830d2948a5ec37c386d3170c483063798d7879037492540f10a475e3fd6f244b",
                "sha256:891cf9b48776b5c61c700b55a598621fdb7b1e301a550365571e9624f270c203",
                "sha256:8f25e17ab3039b05f762b0a55ae0b3632b2e073d9c8fc88e89aca31a6198e88f",
                "sha256:9a3267620866c9d17b959a84dd0bd2d45719b817245e49371ead79ed4f710d19",
                "sha256:a04f86f41a8916fe45ac5024ec477f41f886b3c435da2d4e3d2709b22ab02af1",
                "sha256:aaf53a6cebad0eae578f062c7d462155eada9c172bd8c4d250b8c1d8eb7f916a",
                "sha256:abc1185d79f47c0a7aaf7e2412a0eb2c03b724581139193d2d82b3ad8cbb00ac",
                "sha256:ac0aa6cd53ab9a31d397f8303f92c42f534693528fafbdb997c82bae6e477ad9",
                "sha256:ac3775e3311661d4adace3697a52ac0bab17edd166087d493b52d4f4f553f9f0",
                "sha256:b06f0d3bf045158d2fb8837c5785fe9ff9b8c93358be64461a1089f5da983137",
                "sha256:b116502087ce8a6b7a5f1814568ccbd0e9f6cfd99948aa59b0e241dc57cf739f",
                "sha256:b82fab78e0b1329e183a65260581de4375f619167478dddab510c6c6fb04d9b6",
                "sha256:bd7163182133c0c7701b25e604cf1611c0d87712e56e88e7ee5d72deab3e76b5",
                "sha256:c36bcbc0d5174a80d6cccf43a0ecaca44e81d25be4b7f90f0ed7bcfbb5a00909",
                "sha256:c3af8e0f07399d3176b179f2e2634c3ce9c1301379a6b8c9c9aeecd481da494f",
                "sha256:c84132a54c750fda57729d1e2599bb598f5fa0344085dbde5003ba429a4798c0",
                "sha256:cb7b2ab0188829593b9de646545175547a70d9a6e2b63bf2cd87a0a391599324",
                "sha256:cca4def576f47a09a943666b8f829606bcb17e2bc2d5911a46c8f8da45f56755",
                "sha256:cf6511efa4801b9b38dc5546d7547d5b5c6ef4b081c60b23e4d941d0eba9cbeb",
                "sha256:d16fd5252f883eb074ca55cb622bc0bee49b979ae4e8639fff6ca3ff44f9f854",
                "sha256:d2686f91611f9e17f4548dbf050e75b079bbc2a82be565832bc8ea9047b61c8c",
                "sha256:d7fc3fca01da18fbabe4625d64bb612b533533ed10045a2ac3dd194bfa656b60",
                "sha256:dd5653e67b149503c68c4018bf07e42eeed6b4e956b24c00ccdf93ac79cdff84",
                "sha256:de5695a6f1d8340b12a5d6d4484290ee74d61e467c39ff03b39e30df62cf83a0",
                "sha256:e0ac8959c929593fee38da1c2b64ee9778733cdf03c482c9ff1d508b6b593b2b",
                "sha256:e1b25e3ad6c909f398df8921780d6a3d120d8c09466720226fc621605b6f92b1",
                "sha256:e633940f28c1e913615fd624fcdd72fdba807bf53ea6925d6a588e84e1151531",
                "sha256:e89df2958e5159b811af9ff0f92614dabf4ff617c03a4c1c6ff53bf1c399e0e1",
                "sha256:ea9f9c6034ea2d93d9147818f17c2a0860d41b71c38b9ce4d55f21b6f9165a11",
                "sha256:f645caaf0008bacf349875a974220f1f1da349c5dbe7c4ec93048cdc785a3326",
                "sha256:f8303414c7b03f794347ad062c0516cee0e15f7a612abd0ce1e25caf6ceb47df",
                "sha256:fca62a8301b605b954ad2e9c3666f9d97f63872aa4efcae5492baca2056b74ab"
            ],
            "markers": "python_full_version >= '3.7.0'",
            "version": "==3.1.0"
        },
        "idna": {
            "hashes": [
                "sha256:814f528e8dead7d329833b91c5faa87d60bf71824cd12a7530b5526063d02cb4",
                "sha256:90b77e79eaa3eba6de819a0c442c0b4ceefc341a7a2ab77d7562bf49f425c5c2"
            ],
            "markers": "python_version >= '3.5'",
            "version": "==3.4"
        },
        "pygame": {
            "hashes": [
                "sha256:00ecd4688ee25d5d4cf48eddab18749a9bb2b382772f7fa8a987e4d21026c603",
                "sha256:075c1282b1d307669c8ef29942564b91acb85623bedba3bfb841079d539ded31",
                "sha256:13511c7c29f0fc23636f3b95a96ab45f964e84073e7e27dc602a479cd274d89a",
                "sha256:1422673a2b485153cbc20dbbd37af791c9842ca98a1b7a89fe3ac115cce79805",
                "sha256:14492d8c0eaad778bb10b6d53eaea4ef77f4d3431b6b7c857397dc6cf4397ac9",
                "sha256:1b7201a44869eb420dd56c8e003251c9e7422c5304b3e78508e767a5634ab31b",
                "sha256:23543e2d206d8de7d6db4f7b1c74e6fea6c01ead63caf7252e63341e1cdb09f6",
                "sha256:2946c151691c80ffb9f3f39e1f294d7ed9edaae1814e528d2f5b4751e7e6d903",
                "sha256:32ed4d4317bce8fe78592a7b5b4a07f2e0ff814e35c66cb5a3b398dae96c3f27",
                "sha256:3ab14e06c302921f33d25180813711a920acef386d3992fc21731d2d5e8e86f0",
                "sha256:418659c2d42f6a2356e2691006d79b6e07fd4992f9e904a2638c51c992f3e41b",
                "sha256:43db3a6c9be3d94eececf7c86cde7584d2bb87f394ade40139c3b4e528fdff24",
                "sha256:47be83060a9dbc79763fd230f04d53a29064b5f64d1b59425c432d3570b22623",
                "sha256:47fd096ceb68d966681f8d0e820f7305bf05b30421ca562cfdb3c89a5aef26e5",
                "sha256:4a98ed8c47e367b9233b5ca25c36c2b45ab61959ac543195f0b6349f0a599ec8",
                "sha256:4b562cfdd8caa76ba47ca2a9211fee6b0a95ceb95c9da94cf60a3909b2300854",
                "sha256:4ffec9661731fb674ccc88d1de92709219047af3d8198d0e6203c21f3f1b54a7",
                "sha256:5210cb09ec31281e16fda008bf8dfe2e024eef58e075dd0c01935d0004fdfffd",
                "sha256:53bfdc1aea619fa8d347be37b08de87089d543375948aacf8b163b0c5eb6d4e4",
                "sha256:5a2aee4214e5efed2cb3650139010dd4d0b1c29a9760278ab259d0b46281b66a",
                "sha256:5a93d368311d40827dc5f0cad2a0e9a8700c1b017346808cfdfd9ea98aee45df",
                "sha256:6060d68d10fafd51c4cb3a7d687d741009881860dfd429c863e570877e2ce9de",
                "sha256:627c8bb007a757da18d32c5d9b7ac50ab0356d9e922d570b0572765778080787",
                "sha256:63591f381e5b28b90e115ac7a96f8ce5ecb917facb42d79d4f89714f89cc6d8e",
                "sha256:65ee75e0e83e393fdc5c06e55e376c7511881a5ebee006ecca89cb1b3b41d6f1",
                "sha256:6ba967d0e3fed8611f1face6695dc8fa554ee543d300681f8080f5de9cc7da73",
                "sha256:6c0081546749c0b4341ce575622a4f8eee05f675d3a0872ab6aed6e5bd2ba5a8",
                "sha256:6ec870a63295ebff737640c4ef39868312e206dcba655b4ad5c7d0e8c2488b73",
                "sha256:751bc57e4c3b7cd92762344562dcbd405e2b54488de1d7a1e083a470bdbc5ae9",
                "sha256:75ef535ebe541b74a160bb59c3e520f543250d19f69d5973350ec1b9706e1469",
                "sha256:79b0962a8f09788ca735532cfcf2dd053424fe5eabbda564b74f8e5e2eb11f48",
                "sha256:7e5d32def075e495b4802371fd8cda96ff4957aa39e215f83d87022dedf14cfb",
                "sha256:7fa1e65fd559823997f39a592cb49d8c89dd31c8bbde8273fe3922e2c1f294f6",
                "sha256:802b03f6c367359c94eb6a90169666efa1aa1d6e24fce37a0b21642ccdfe48cf",
                "sha256:80502eb26483b0206d0508475ec7d67a86bc0afc5bb4aad3a6172a7a85a27554",
                "sha256:867cf19f1c7aa6f187a0a31b702f5668e935e700b46d94bd58e94ec8581cf081",
                "sha256:8b6e1493724d29e46a0e7e8125d9808c9957c652db67afe9497d385509fc5ac5",
                "sha256:8f97c8be81b3262ad8dae982485c4a73c9f2374614dfc0db8eb0f754badb29d6",
                "sha256:93bb1406125ae9bd7a9bb0d45f11b30f157ea8d2efee1ebe9d781b1d1a9fce6b",
                "sha256:99c296ecb8ce6ea1f404f4d174fdb215c64515827778525301c29ddf6f8e6e07",
                "sha256:9f6b7a604812f447495829751dfe7ab57cb31c2c9acdb07ba4b7157490411a12",
                "sha256:a66b314f4a637784d5ca2970745bb2e6e554447dce8f4cfedd9b9fcef5e3ffc6",
                "sha256:ab8115af26a9e95f39b08fff416f097803480f265500b218a5ca065d6e73124f",
                "sha256:b04451e5addae3a078a7a4f494e6b217025f4813dfb364a49c250fc5dfd1d2e2",
                "sha256:b4c75dd345707da622c78dbd6a63a025f7b89377ddc4e71ba40043929824f5d4",
                "sha256:b6b94fc99487ce4a45ce00fa9145f4861f6e021254a005101d00bc17a4bb4f5c",
                "sha256:bb5a39320d00fa781959d2d0151e6f0293dd1398c6dc9dc934112ecce7b4fb52",
                "sha256:be7f948d33d0536c2922289e6f5983251cb0bd0d727db6ff692886c239f47a2c",
                "sha256:c09323eeae9e0cb2ced0cb3635485ae17f4f1b2b6b908a494ce2d830c609d4be",
                "sha256:c4241e1da3852a955d37a22157ed51b2d30a65f7987eac9d162bb302fb754d87",
                "sha256:ca2ecc65126eaaa5b8e6a119913cfb2c2b1ed4c8ee1b980baf333aa9d379f227",
                "sha256:cad74cbbefbdb81cb22a9ea22561614b8dc58fcd52cd54126bbb8ee9ee77a5d5",
                "sha256:cff815181437add5f3d702e8c7f1d2aa4ed04ed04cde27ec809e7ac516ee6b5f",
                "sha256:d9b1127f085d09c7c0a976d440e8fc2f7adc579d62abcfc20c23c2699bbe2dc1",
                "sha256:de963a4b8787d93a9fba8f4052d9dde8b12adbeac5781e48035be1557dfadb20",
                "sha256:e2a3176b33b97ebae397f951d254e3155a0afe730e1b76fb35126555c27dd3b5",
                "sha256:e3603e70e96ee30af1954ce57d4922a059402f368013e7138e90f1c03d185267",
                "sha256:e5f043751840a07ff0160abe46ed42a88bc29baee93656abb5a050beda176306",
                "sha256:e70fd71e0321a805001192e08ae4af45b86c68f155670230c3f6f4dd25089e70",
                "sha256:e75d8c2980d719045be366160568bf508cbbed21285efe32468c75abcd4cf8b3",
                "sha256:ef14750fa60b47510cfe9c7c37e7abe67617f5d1f1a8ffa257a59d49836dadda",
                "sha256:f3020fb98f27a6ea79418a5b332ca07be93884e4a455c8a0a31b2dcf39ee2d96",
                "sha256:f576403c2b14f0eea694365b9018d5bacac70b1550261ffc7a54a92e18967541",
                "sha256:f9c8bb7b77f97eb49dac900445fbf96a332d2072588949d6396581933843fb04",
                "sha256:fa2531f83e7c5f6f7cc20a1b4e0f982bd608aad81ff6c385148e64256ab0419f",
                "sha256:faa3b63b71d555e7a21cecc11c65e059d9cb1902158d863ac3592e1947bc521a",
                "sha256:fb7bb86c4aedb4382d7f643ff7d21ab4731d59ddb9b448e78b9125ab1addc007",
                "sha256:fbcba1b06f42338fecbd366227025f81729d9f4a577677fd3cd1ceff34d7286a"
            ],
            "index": "pypi",
            "version": "==2.4.0"
        },
        "requests": {
            "hashes": [
                "sha256:58cd2187c01e70e6e26505bca751777aa9f2ee0b7f4300988b709f44e013003f",
                "sha256:942c5a758f98d790eaed1a29cb6eefc7ffb0d1cf7af05c3d2791656dbd6ad1e1"
            ],
            "index": "pypi",
            "version": "==2.31.0"
        },
        "urllib3": {
            "hashes": [
                "sha256:61717a1095d7e155cdb737ac7bb2f4324a858a1e2e6466f6d03ff630ca68d3cc",
                "sha256:d055c2f9d38dc53c808f6fdc8eab7360b6fdbbde02340ed25cfbcd817c62469e"
            ],
            "markers": "python_full_version >= '3.7.0'",
            "version": "==2.0.2"
        }
    },
    "develop": {}
}
